
Microsoft Visual Studio Solution File, Format Version 12.00
# Visual Studio 15
VisualStudioVersion = 15.0.27825.0
MinimumVisualStudioVersion = 10.0.40219.1
Project("{9A19103F-16F7-4668-BE54-9A1E7A4F7556}") = "WarmupA", "WarmupA\WarmupA.csproj", "{4D764CA7-F43A-4F42-9277-FFCE5C62E4DD}"
EndProject
Project("{2150E333-8FDC-42A3-9474-1A3956D46DE8}") = "Warmup", "Warmup", "{28EB6DB4-C7DE-4DC6-950A-3FB6B5ABE678}"
EndProject
Project("{9A19103F-16F7-4668-BE54-9A1E7A4F7556}") = "WarmupB", "WarmupB\WarmupB.csproj", "{2D4FAC09-C4CF-4F3F-A32E-0F3F16404331}"
EndProject
Project("{9A19103F-16F7-4668-BE54-9A1E7A4F7556}") = "WarmupC", "WarmupC\WarmupC.csproj", "{7B262693-E205-413D-99AD-B0FF1267C2A8}"
EndProject
Project("{9A19103F-16F7-4668-BE54-9A1E7A4F7556}") = "WarmupD", "WarmupD\WarmupD.csproj", "{A42B40BD-A611-44F4-87A5-8CAE6FF3F5EF}"
EndProject
Project("{9A19103F-16F7-4668-BE54-9A1E7A4F7556}") = "WarmupE", "WarmupE\WarmupE.csproj", "{51FD8AF5-E902-4D2C-96B9-683701657816}"
EndProject
Project("{9A19103F-16F7-4668-BE54-9A1E7A4F7556}") = "WarmupF", "WarmupF\WarmupF.csproj", "{B2DEB84E-910F-4F6B-B7F0-7AFA3994BA4E}"
EndProject
Project("{9A19103F-16F7-4668-BE54-9A1E7A4F7556}") = "WarmupG", "WarmupG\WarmupG.csproj", "{5BFF1F61-F8A7-4AE9-9625-88B2BF130009}"
EndProject
Project("{9A19103F-16F7-4668-BE54-9A1E7A4F7556}") = "WarmupH", "WarmupH\WarmupH.csproj", "{DAFAAD03-3E87-4F9B-8321-C53EE5D71BD9}"
EndProject
Project("{9A19103F-16F7-4668-BE54-9A1E7A4F7556}") = "WarmupI", "WarmupI\WarmupI.csproj", "{8CC63878-B17F-4A45-A25B-DAB780B9E450}"
EndProject
Project("{2150E333-8FDC-42A3-9474-1A3956D46DE8}") = "Main", "Main", "{4C111C33-AEED-49E4-BD6F-DF2AB0144A89}"
EndProject
Project("{9A19103F-16F7-4668-BE54-9A1E7A4F7556}") = "ProblemA", "ProblemA\ProblemA.csproj", "{0DBF1812-7F3A-4535-8194-A7E27C7877F6}"
EndProject
Project("{9A19103F-16F7-4668-BE54-9A1E7A4F7556}") = "ProblemA2", "ProblemA2\ProblemA2.csproj", "{DB55CE3A-24D7-4F99-B83B-A632DF09F89F}"
EndProject
Project("{9A19103F-16F7-4668-BE54-9A1E7A4F7556}") = "ProblemA3", "ProblemA3\ProblemA3.csproj", "{1147D07A-13DB-4DCA-B447-261872AE588C}"
EndProject
Project("{9A19103F-16F7-4668-BE54-9A1E7A4F7556}") = "ProblemA4", "ProblemA4\ProblemA4.csproj", "{CF8020D2-BF1E-400D-B9B8-AEB667EEFB69}"
EndProject
Project("{9A19103F-16F7-4668-BE54-9A1E7A4F7556}") = "ProblemB1", "ProblemB1\ProblemB1.csproj", "{20E3AF60-D025-4E1C-B757-499D227370EC}"
EndProject
Project("{9A19103F-16F7-4668-BE54-9A1E7A4F7556}") = "ProblemB2", "ProblemB2\ProblemB2.csproj", "{0AF73E46-732F-4755-95BD-7C7321FFA064}"
EndProject
Project("{9A19103F-16F7-4668-BE54-9A1E7A4F7556}") = "ProblemB3", "ProblemB3\ProblemB3.csproj", "{CFD6C714-72F8-47B0-BD62-4D9947C68315}"
EndProject
Project("{9A19103F-16F7-4668-BE54-9A1E7A4F7556}") = "ProblemB4", "ProblemB4\ProblemB4.csproj", "{EBE5CDC8-44B1-4E12-BC2C-AC30F6612AFA}"
EndProject
Project("{9A19103F-16F7-4668-BE54-9A1E7A4F7556}") = "ProblemC1", "ProblemC1\ProblemC1.csproj", "{028D87BF-80A3-42DF-BA39-7D2A971083CC}"
EndProject
Project("{9A19103F-16F7-4668-BE54-9A1E7A4F7556}") = "ProblemC2", "ProblemC2\ProblemC2.csproj", "{3EC81A70-3154-4428-B0C8-5755A20C71D9}"
EndProject
Project("{9A19103F-16F7-4668-BE54-9A1E7A4F7556}") = "ProblemD1", "ProblemD1\ProblemD1.csproj", "{81AF8283-301F-425A-BA39-8E91FA544DE8}"
EndProject
Project("{FAE04EC0-301F-11D3-BF4B-00C04F79EFBC}") = "ProblemD2", "ProblemD2\ProblemD2.csproj", "{5E3BF533-7F1E-4484-A18D-78F7980AB75F}"
EndProject
Project("{FAE04EC0-301F-11D3-BF4B-00C04F79EFBC}") = "ProblemD3", "ProblemD3\ProblemD3.csproj", "{1AF82F56-B0BA-4176-9895-B1B73B7ABA24}"
EndProject
Project("{FAE04EC0-301F-11D3-BF4B-00C04F79EFBC}") = "ProblemE1", "ProblemE1\ProblemE1.csproj", "{6AD57747-058C-4A82-8C25-4A3391A670D9}"
EndProject
Project("{FAE04EC0-301F-11D3-BF4B-00C04F79EFBC}") = "ProblemE2", "ProblemE2\ProblemE2.csproj", "{0946AF83-0D3F-48B4-8E1B-3D9907BEFD12}"
EndProject
Global
	GlobalSection(SolutionConfigurationPlatforms) = preSolution
		Debug|Any CPU = Debug|Any CPU
		Release|Any CPU = Release|Any CPU
	EndGlobalSection
	GlobalSection(ProjectConfigurationPlatforms) = postSolution
		{4D764CA7-F43A-4F42-9277-FFCE5C62E4DD}.Debug|Any CPU.ActiveCfg = Debug|Any CPU
		{4D764CA7-F43A-4F42-9277-FFCE5C62E4DD}.Debug|Any CPU.Build.0 = Debug|Any CPU
		{4D764CA7-F43A-4F42-9277-FFCE5C62E4DD}.Release|Any CPU.ActiveCfg = Release|Any CPU
		{4D764CA7-F43A-4F42-9277-FFCE5C62E4DD}.Release|Any CPU.Build.0 = Release|Any CPU
		{2D4FAC09-C4CF-4F3F-A32E-0F3F16404331}.Debug|Any CPU.ActiveCfg = Debug|Any CPU
		{2D4FAC09-C4CF-4F3F-A32E-0F3F16404331}.Debug|Any CPU.Build.0 = Debug|Any CPU
		{2D4FAC09-C4CF-4F3F-A32E-0F3F16404331}.Release|Any CPU.ActiveCfg = Release|Any CPU
		{2D4FAC09-C4CF-4F3F-A32E-0F3F16404331}.Release|Any CPU.Build.0 = Release|Any CPU
		{7B262693-E205-413D-99AD-B0FF1267C2A8}.Debug|Any CPU.ActiveCfg = Debug|Any CPU
		{7B262693-E205-413D-99AD-B0FF1267C2A8}.Debug|Any CPU.Build.0 = Debug|Any CPU
		{7B262693-E205-413D-99AD-B0FF1267C2A8}.Release|Any CPU.ActiveCfg = Release|Any CPU
		{7B262693-E205-413D-99AD-B0FF1267C2A8}.Release|Any CPU.Build.0 = Release|Any CPU
		{A42B40BD-A611-44F4-87A5-8CAE6FF3F5EF}.Debug|Any CPU.ActiveCfg = Debug|Any CPU
		{A42B40BD-A611-44F4-87A5-8CAE6FF3F5EF}.Debug|Any CPU.Build.0 = Debug|Any CPU
		{A42B40BD-A611-44F4-87A5-8CAE6FF3F5EF}.Release|Any CPU.ActiveCfg = Release|Any CPU
		{A42B40BD-A611-44F4-87A5-8CAE6FF3F5EF}.Release|Any CPU.Build.0 = Release|Any CPU
		{51FD8AF5-E902-4D2C-96B9-683701657816}.Debug|Any CPU.ActiveCfg = Debug|Any CPU
		{51FD8AF5-E902-4D2C-96B9-683701657816}.Debug|Any CPU.Build.0 = Debug|Any CPU
		{51FD8AF5-E902-4D2C-96B9-683701657816}.Release|Any CPU.ActiveCfg = Release|Any CPU
		{51FD8AF5-E902-4D2C-96B9-683701657816}.Release|Any CPU.Build.0 = Release|Any CPU
		{B2DEB84E-910F-4F6B-B7F0-7AFA3994BA4E}.Debug|Any CPU.ActiveCfg = Debug|Any CPU
		{B2DEB84E-910F-4F6B-B7F0-7AFA3994BA4E}.Debug|Any CPU.Build.0 = Debug|Any CPU
		{B2DEB84E-910F-4F6B-B7F0-7AFA3994BA4E}.Release|Any CPU.ActiveCfg = Release|Any CPU
		{B2DEB84E-910F-4F6B-B7F0-7AFA3994BA4E}.Release|Any CPU.Build.0 = Release|Any CPU
		{5BFF1F61-F8A7-4AE9-9625-88B2BF130009}.Debug|Any CPU.ActiveCfg = Debug|Any CPU
		{5BFF1F61-F8A7-4AE9-9625-88B2BF130009}.Debug|Any CPU.Build.0 = Debug|Any CPU
		{5BFF1F61-F8A7-4AE9-9625-88B2BF130009}.Release|Any CPU.ActiveCfg = Release|Any CPU
		{5BFF1F61-F8A7-4AE9-9625-88B2BF130009}.Release|Any CPU.Build.0 = Release|Any CPU
		{DAFAAD03-3E87-4F9B-8321-C53EE5D71BD9}.Debug|Any CPU.ActiveCfg = Debug|Any CPU
		{DAFAAD03-3E87-4F9B-8321-C53EE5D71BD9}.Debug|Any CPU.Build.0 = Debug|Any CPU
		{DAFAAD03-3E87-4F9B-8321-C53EE5D71BD9}.Release|Any CPU.ActiveCfg = Release|Any CPU
		{DAFAAD03-3E87-4F9B-8321-C53EE5D71BD9}.Release|Any CPU.Build.0 = Release|Any CPU
		{8CC63878-B17F-4A45-A25B-DAB780B9E450}.Debug|Any CPU.ActiveCfg = Debug|Any CPU
		{8CC63878-B17F-4A45-A25B-DAB780B9E450}.Debug|Any CPU.Build.0 = Debug|Any CPU
		{8CC63878-B17F-4A45-A25B-DAB780B9E450}.Release|Any CPU.ActiveCfg = Release|Any CPU
		{8CC63878-B17F-4A45-A25B-DAB780B9E450}.Release|Any CPU.Build.0 = Release|Any CPU
		{0DBF1812-7F3A-4535-8194-A7E27C7877F6}.Debug|Any CPU.ActiveCfg = Debug|Any CPU
		{0DBF1812-7F3A-4535-8194-A7E27C7877F6}.Debug|Any CPU.Build.0 = Debug|Any CPU
		{0DBF1812-7F3A-4535-8194-A7E27C7877F6}.Release|Any CPU.ActiveCfg = Release|Any CPU
		{0DBF1812-7F3A-4535-8194-A7E27C7877F6}.Release|Any CPU.Build.0 = Release|Any CPU
		{DB55CE3A-24D7-4F99-B83B-A632DF09F89F}.Debug|Any CPU.ActiveCfg = Debug|Any CPU
		{DB55CE3A-24D7-4F99-B83B-A632DF09F89F}.Debug|Any CPU.Build.0 = Debug|Any CPU
		{DB55CE3A-24D7-4F99-B83B-A632DF09F89F}.Release|Any CPU.ActiveCfg = Release|Any CPU
		{DB55CE3A-24D7-4F99-B83B-A632DF09F89F}.Release|Any CPU.Build.0 = Release|Any CPU
		{1147D07A-13DB-4DCA-B447-261872AE588C}.Debug|Any CPU.ActiveCfg = Debug|Any CPU
		{1147D07A-13DB-4DCA-B447-261872AE588C}.Debug|Any CPU.Build.0 = Debug|Any CPU
		{1147D07A-13DB-4DCA-B447-261872AE588C}.Release|Any CPU.ActiveCfg = Release|Any CPU
		{1147D07A-13DB-4DCA-B447-261872AE588C}.Release|Any CPU.Build.0 = Release|Any CPU
		{CF8020D2-BF1E-400D-B9B8-AEB667EEFB69}.Debug|Any CPU.ActiveCfg = Debug|Any CPU
		{CF8020D2-BF1E-400D-B9B8-AEB667EEFB69}.Debug|Any CPU.Build.0 = Debug|Any CPU
		{CF8020D2-BF1E-400D-B9B8-AEB667EEFB69}.Release|Any CPU.ActiveCfg = Release|Any CPU
		{CF8020D2-BF1E-400D-B9B8-AEB667EEFB69}.Release|Any CPU.Build.0 = Release|Any CPU
		{20E3AF60-D025-4E1C-B757-499D227370EC}.Debug|Any CPU.ActiveCfg = Debug|Any CPU
		{20E3AF60-D025-4E1C-B757-499D227370EC}.Debug|Any CPU.Build.0 = Debug|Any CPU
		{20E3AF60-D025-4E1C-B757-499D227370EC}.Release|Any CPU.ActiveCfg = Release|Any CPU
		{20E3AF60-D025-4E1C-B757-499D227370EC}.Release|Any CPU.Build.0 = Release|Any CPU
		{0AF73E46-732F-4755-95BD-7C7321FFA064}.Debug|Any CPU.ActiveCfg = Debug|Any CPU
		{0AF73E46-732F-4755-95BD-7C7321FFA064}.Debug|Any CPU.Build.0 = Debug|Any CPU
		{0AF73E46-732F-4755-95BD-7C7321FFA064}.Release|Any CPU.ActiveCfg = Release|Any CPU
		{0AF73E46-732F-4755-95BD-7C7321FFA064}.Release|Any CPU.Build.0 = Release|Any CPU
		{CFD6C714-72F8-47B0-BD62-4D9947C68315}.Debug|Any CPU.ActiveCfg = Debug|Any CPU
		{CFD6C714-72F8-47B0-BD62-4D9947C68315}.Debug|Any CPU.Build.0 = Debug|Any CPU
		{CFD6C714-72F8-47B0-BD62-4D9947C68315}.Release|Any CPU.ActiveCfg = Release|Any CPU
		{CFD6C714-72F8-47B0-BD62-4D9947C68315}.Release|Any CPU.Build.0 = Release|Any CPU
		{EBE5CDC8-44B1-4E12-BC2C-AC30F6612AFA}.Debug|Any CPU.ActiveCfg = Debug|Any CPU
		{EBE5CDC8-44B1-4E12-BC2C-AC30F6612AFA}.Debug|Any CPU.Build.0 = Debug|Any CPU
		{EBE5CDC8-44B1-4E12-BC2C-AC30F6612AFA}.Release|Any CPU.ActiveCfg = Release|Any CPU
		{EBE5CDC8-44B1-4E12-BC2C-AC30F6612AFA}.Release|Any CPU.Build.0 = Release|Any CPU
		{028D87BF-80A3-42DF-BA39-7D2A971083CC}.Debug|Any CPU.ActiveCfg = Debug|Any CPU
		{028D87BF-80A3-42DF-BA39-7D2A971083CC}.Debug|Any CPU.Build.0 = Debug|Any CPU
		{028D87BF-80A3-42DF-BA39-7D2A971083CC}.Release|Any CPU.ActiveCfg = Release|Any CPU
		{028D87BF-80A3-42DF-BA39-7D2A971083CC}.Release|Any CPU.Build.0 = Release|Any CPU
		{3EC81A70-3154-4428-B0C8-5755A20C71D9}.Debug|Any CPU.ActiveCfg = Debug|Any CPU
		{3EC81A70-3154-4428-B0C8-5755A20C71D9}.Debug|Any CPU.Build.0 = Debug|Any CPU
		{3EC81A70-3154-4428-B0C8-5755A20C71D9}.Release|Any CPU.ActiveCfg = Release|Any CPU
		{3EC81A70-3154-4428-B0C8-5755A20C71D9}.Release|Any CPU.Build.0 = Release|Any CPU
		{81AF8283-301F-425A-BA39-8E91FA544DE8}.Debug|Any CPU.ActiveCfg = Debug|Any CPU
		{81AF8283-301F-425A-BA39-8E91FA544DE8}.Debug|Any CPU.Build.0 = Debug|Any CPU
		{81AF8283-301F-425A-BA39-8E91FA544DE8}.Release|Any CPU.ActiveCfg = Release|Any CPU
		{81AF8283-301F-425A-BA39-8E91FA544DE8}.Release|Any CPU.Build.0 = Release|Any CPU
		{5E3BF533-7F1E-4484-A18D-78F7980AB75F}.Debug|Any CPU.ActiveCfg = Debug|Any CPU
		{5E3BF533-7F1E-4484-A18D-78F7980AB75F}.Debug|Any CPU.Build.0 = Debug|Any CPU
		{5E3BF533-7F1E-4484-A18D-78F7980AB75F}.Release|Any CPU.ActiveCfg = Release|Any CPU
		{5E3BF533-7F1E-4484-A18D-78F7980AB75F}.Release|Any CPU.Build.0 = Release|Any CPU
		{1AF82F56-B0BA-4176-9895-B1B73B7ABA24}.Debug|Any CPU.ActiveCfg = Debug|Any CPU
		{1AF82F56-B0BA-4176-9895-B1B73B7ABA24}.Debug|Any CPU.Build.0 = Debug|Any CPU
		{1AF82F56-B0BA-4176-9895-B1B73B7ABA24}.Release|Any CPU.ActiveCfg = Release|Any CPU
		{1AF82F56-B0BA-4176-9895-B1B73B7ABA24}.Release|Any CPU.Build.0 = Release|Any CPU
		{6AD57747-058C-4A82-8C25-4A3391A670D9}.Debug|Any CPU.ActiveCfg = Debug|Any CPU
		{6AD57747-058C-4A82-8C25-4A3391A670D9}.Debug|Any CPU.Build.0 = Debug|Any CPU
		{6AD57747-058C-4A82-8C25-4A3391A670D9}.Release|Any CPU.ActiveCfg = Release|Any CPU
		{6AD57747-058C-4A82-8C25-4A3391A670D9}.Release|Any CPU.Build.0 = Release|Any CPU
		{0946AF83-0D3F-48B4-8E1B-3D9907BEFD12}.Debug|Any CPU.ActiveCfg = Debug|Any CPU
		{0946AF83-0D3F-48B4-8E1B-3D9907BEFD12}.Debug|Any CPU.Build.0 = Debug|Any CPU
		{0946AF83-0D3F-48B4-8E1B-3D9907BEFD12}.Release|Any CPU.ActiveCfg = Release|Any CPU
		{0946AF83-0D3F-48B4-8E1B-3D9907BEFD12}.Release|Any CPU.Build.0 = Release|Any CPU
	EndGlobalSection
	GlobalSection(SolutionProperties) = preSolution
		HideSolutionNode = FALSE
	EndGlobalSection
	GlobalSection(NestedProjects) = preSolution
		{4D764CA7-F43A-4F42-9277-FFCE5C62E4DD} = {28EB6DB4-C7DE-4DC6-950A-3FB6B5ABE678}
		{2D4FAC09-C4CF-4F3F-A32E-0F3F16404331} = {28EB6DB4-C7DE-4DC6-950A-3FB6B5ABE678}
		{7B262693-E205-413D-99AD-B0FF1267C2A8} = {28EB6DB4-C7DE-4DC6-950A-3FB6B5ABE678}
		{A42B40BD-A611-44F4-87A5-8CAE6FF3F5EF} = {28EB6DB4-C7DE-4DC6-950A-3FB6B5ABE678}
		{51FD8AF5-E902-4D2C-96B9-683701657816} = {28EB6DB4-C7DE-4DC6-950A-3FB6B5ABE678}
		{B2DEB84E-910F-4F6B-B7F0-7AFA3994BA4E} = {28EB6DB4-C7DE-4DC6-950A-3FB6B5ABE678}
		{5BFF1F61-F8A7-4AE9-9625-88B2BF130009} = {28EB6DB4-C7DE-4DC6-950A-3FB6B5ABE678}
		{DAFAAD03-3E87-4F9B-8321-C53EE5D71BD9} = {28EB6DB4-C7DE-4DC6-950A-3FB6B5ABE678}
		{8CC63878-B17F-4A45-A25B-DAB780B9E450} = {28EB6DB4-C7DE-4DC6-950A-3FB6B5ABE678}
		{0DBF1812-7F3A-4535-8194-A7E27C7877F6} = {4C111C33-AEED-49E4-BD6F-DF2AB0144A89}
		{DB55CE3A-24D7-4F99-B83B-A632DF09F89F} = {4C111C33-AEED-49E4-BD6F-DF2AB0144A89}
		{1147D07A-13DB-4DCA-B447-261872AE588C} = {4C111C33-AEED-49E4-BD6F-DF2AB0144A89}
		{CF8020D2-BF1E-400D-B9B8-AEB667EEFB69} = {4C111C33-AEED-49E4-BD6F-DF2AB0144A89}
		{20E3AF60-D025-4E1C-B757-499D227370EC} = {4C111C33-AEED-49E4-BD6F-DF2AB0144A89}
		{0AF73E46-732F-4755-95BD-7C7321FFA064} = {4C111C33-AEED-49E4-BD6F-DF2AB0144A89}
		{CFD6C714-72F8-47B0-BD62-4D9947C68315} = {4C111C33-AEED-49E4-BD6F-DF2AB0144A89}
		{EBE5CDC8-44B1-4E12-BC2C-AC30F6612AFA} = {4C111C33-AEED-49E4-BD6F-DF2AB0144A89}
		{028D87BF-80A3-42DF-BA39-7D2A971083CC} = {4C111C33-AEED-49E4-BD6F-DF2AB0144A89}
		{3EC81A70-3154-4428-B0C8-5755A20C71D9} = {4C111C33-AEED-49E4-BD6F-DF2AB0144A89}
		{81AF8283-301F-425A-BA39-8E91FA544DE8} = {4C111C33-AEED-49E4-BD6F-DF2AB0144A89}
		{5E3BF533-7F1E-4484-A18D-78F7980AB75F} = {4C111C33-AEED-49E4-BD6F-DF2AB0144A89}
		{1AF82F56-B0BA-4176-9895-B1B73B7ABA24} = {4C111C33-AEED-49E4-BD6F-DF2AB0144A89}
		{6AD57747-058C-4A82-8C25-4A3391A670D9} = {4C111C33-AEED-49E4-BD6F-DF2AB0144A89}
		{0946AF83-0D3F-48B4-8E1B-3D9907BEFD12} = {4C111C33-AEED-49E4-BD6F-DF2AB0144A89}
	EndGlobalSection
	GlobalSection(ExtensibilityGlobals) = postSolution
		SolutionGuid = {91244486-32A3-4B4C-B078-FE3EA8028D7E}
	EndGlobalSection
EndGlobal
