
Microsoft Visual Studio Solution File, Format Version 12.00
# Visual Studio 15
VisualStudioVersion = 15.0.27825.0
MinimumVisualStudioVersion = 10.0.40219.1
Project("{9A19103F-16F7-4668-BE54-9A1E7A4F7556}") = "WarmupA", "WarmupA\WarmupA.csproj", "{4D764CA7-F43A-4F42-9277-FFCE5C62E4DD}"
EndProject
Project("{2150E333-8FDC-42A3-9474-1A3956D46DE8}") = "Warmup", "Warmup", "{28EB6DB4-C7DE-4DC6-950A-3FB6B5ABE678}"
EndProject
Project("{9A19103F-16F7-4668-BE54-9A1E7A4F7556}") = "WarmupB", "WarmupB\WarmupB.csproj", "{2D4FAC09-C4CF-4F3F-A32E-0F3F16404331}"
EndProject
Project("{9A19103F-16F7-4668-BE54-9A1E7A4F7556}") = "WarmupC", "WarmupC\WarmupC.csproj", "{7B262693-E205-413D-99AD-B0FF1267C2A8}"
EndProject
Project("{9A19103F-16F7-4668-BE54-9A1E7A4F7556}") = "WarmupD", "WarmupD\WarmupD.csproj", "{A42B40BD-A611-44F4-87A5-8CAE6FF3F5EF}"
EndProject
Project("{9A19103F-16F7-4668-BE54-9A1E7A4F7556}") = "WarmupE", "WarmupE\WarmupE.csproj", "{51FD8AF5-E902-4D2C-96B9-683701657816}"
EndProject
Project("{FAE04EC0-301F-11D3-BF4B-00C04F79EFBC}") = "WarmupF", "WarmupF\WarmupF.csproj", "{B2DEB84E-910F-4F6B-B7F0-7AFA3994BA4E}"
EndProject
Project("{FAE04EC0-301F-11D3-BF4B-00C04F79EFBC}") = "WarmupG", "WarmupG\WarmupG.csproj", "{5BFF1F61-F8A7-4AE9-9625-88B2BF130009}"
EndProject
Project("{FAE04EC0-301F-11D3-BF4B-00C04F79EFBC}") = "WarmupH", "WarmupH\WarmupH.csproj", "{DAFAAD03-3E87-4F9B-8321-C53EE5D71BD9}"
EndProject
Project("{FAE04EC0-301F-11D3-BF4B-00C04F79EFBC}") = "WarmupI", "WarmupI\WarmupI.csproj", "{8CC63878-B17F-4A45-A25B-DAB780B9E450}"
EndProject
Global
	GlobalSection(SolutionConfigurationPlatforms) = preSolution
		Debug|Any CPU = Debug|Any CPU
		Release|Any CPU = Release|Any CPU
	EndGlobalSection
	GlobalSection(ProjectConfigurationPlatforms) = postSolution
		{4D764CA7-F43A-4F42-9277-FFCE5C62E4DD}.Debug|Any CPU.ActiveCfg = Debug|Any CPU
		{4D764CA7-F43A-4F42-9277-FFCE5C62E4DD}.Debug|Any CPU.Build.0 = Debug|Any CPU
		{4D764CA7-F43A-4F42-9277-FFCE5C62E4DD}.Release|Any CPU.ActiveCfg = Release|Any CPU
		{4D764CA7-F43A-4F42-9277-FFCE5C62E4DD}.Release|Any CPU.Build.0 = Release|Any CPU
		{2D4FAC09-C4CF-4F3F-A32E-0F3F16404331}.Debug|Any CPU.ActiveCfg = Debug|Any CPU
		{2D4FAC09-C4CF-4F3F-A32E-0F3F16404331}.Debug|Any CPU.Build.0 = Debug|Any CPU
		{2D4FAC09-C4CF-4F3F-A32E-0F3F16404331}.Release|Any CPU.ActiveCfg = Release|Any CPU
		{2D4FAC09-C4CF-4F3F-A32E-0F3F16404331}.Release|Any CPU.Build.0 = Release|Any CPU
		{7B262693-E205-413D-99AD-B0FF1267C2A8}.Debug|Any CPU.ActiveCfg = Debug|Any CPU
		{7B262693-E205-413D-99AD-B0FF1267C2A8}.Debug|Any CPU.Build.0 = Debug|Any CPU
		{7B262693-E205-413D-99AD-B0FF1267C2A8}.Release|Any CPU.ActiveCfg = Release|Any CPU
		{7B262693-E205-413D-99AD-B0FF1267C2A8}.Release|Any CPU.Build.0 = Release|Any CPU
		{A42B40BD-A611-44F4-87A5-8CAE6FF3F5EF}.Debug|Any CPU.ActiveCfg = Debug|Any CPU
		{A42B40BD-A611-44F4-87A5-8CAE6FF3F5EF}.Debug|Any CPU.Build.0 = Debug|Any CPU
		{A42B40BD-A611-44F4-87A5-8CAE6FF3F5EF}.Release|Any CPU.ActiveCfg = Release|Any CPU
		{A42B40BD-A611-44F4-87A5-8CAE6FF3F5EF}.Release|Any CPU.Build.0 = Release|Any CPU
		{51FD8AF5-E902-4D2C-96B9-683701657816}.Debug|Any CPU.ActiveCfg = Debug|Any CPU
		{51FD8AF5-E902-4D2C-96B9-683701657816}.Debug|Any CPU.Build.0 = Debug|Any CPU
		{51FD8AF5-E902-4D2C-96B9-683701657816}.Release|Any CPU.ActiveCfg = Release|Any CPU
		{51FD8AF5-E902-4D2C-96B9-683701657816}.Release|Any CPU.Build.0 = Release|Any CPU
		{B2DEB84E-910F-4F6B-B7F0-7AFA3994BA4E}.Debug|Any CPU.ActiveCfg = Debug|Any CPU
		{B2DEB84E-910F-4F6B-B7F0-7AFA3994BA4E}.Debug|Any CPU.Build.0 = Debug|Any CPU
		{B2DEB84E-910F-4F6B-B7F0-7AFA3994BA4E}.Release|Any CPU.ActiveCfg = Release|Any CPU
		{B2DEB84E-910F-4F6B-B7F0-7AFA3994BA4E}.Release|Any CPU.Build.0 = Release|Any CPU
		{5BFF1F61-F8A7-4AE9-9625-88B2BF130009}.Debug|Any CPU.ActiveCfg = Debug|Any CPU
		{5BFF1F61-F8A7-4AE9-9625-88B2BF130009}.Debug|Any CPU.Build.0 = Debug|Any CPU
		{5BFF1F61-F8A7-4AE9-9625-88B2BF130009}.Release|Any CPU.ActiveCfg = Release|Any CPU
		{5BFF1F61-F8A7-4AE9-9625-88B2BF130009}.Release|Any CPU.Build.0 = Release|Any CPU
		{DAFAAD03-3E87-4F9B-8321-C53EE5D71BD9}.Debug|Any CPU.ActiveCfg = Debug|Any CPU
		{DAFAAD03-3E87-4F9B-8321-C53EE5D71BD9}.Debug|Any CPU.Build.0 = Debug|Any CPU
		{DAFAAD03-3E87-4F9B-8321-C53EE5D71BD9}.Release|Any CPU.ActiveCfg = Release|Any CPU
		{DAFAAD03-3E87-4F9B-8321-C53EE5D71BD9}.Release|Any CPU.Build.0 = Release|Any CPU
		{8CC63878-B17F-4A45-A25B-DAB780B9E450}.Debug|Any CPU.ActiveCfg = Debug|Any CPU
		{8CC63878-B17F-4A45-A25B-DAB780B9E450}.Debug|Any CPU.Build.0 = Debug|Any CPU
		{8CC63878-B17F-4A45-A25B-DAB780B9E450}.Release|Any CPU.ActiveCfg = Release|Any CPU
		{8CC63878-B17F-4A45-A25B-DAB780B9E450}.Release|Any CPU.Build.0 = Release|Any CPU
	EndGlobalSection
	GlobalSection(SolutionProperties) = preSolution
		HideSolutionNode = FALSE
	EndGlobalSection
	GlobalSection(NestedProjects) = preSolution
		{4D764CA7-F43A-4F42-9277-FFCE5C62E4DD} = {28EB6DB4-C7DE-4DC6-950A-3FB6B5ABE678}
		{2D4FAC09-C4CF-4F3F-A32E-0F3F16404331} = {28EB6DB4-C7DE-4DC6-950A-3FB6B5ABE678}
		{7B262693-E205-413D-99AD-B0FF1267C2A8} = {28EB6DB4-C7DE-4DC6-950A-3FB6B5ABE678}
		{A42B40BD-A611-44F4-87A5-8CAE6FF3F5EF} = {28EB6DB4-C7DE-4DC6-950A-3FB6B5ABE678}
		{51FD8AF5-E902-4D2C-96B9-683701657816} = {28EB6DB4-C7DE-4DC6-950A-3FB6B5ABE678}
		{B2DEB84E-910F-4F6B-B7F0-7AFA3994BA4E} = {28EB6DB4-C7DE-4DC6-950A-3FB6B5ABE678}
		{5BFF1F61-F8A7-4AE9-9625-88B2BF130009} = {28EB6DB4-C7DE-4DC6-950A-3FB6B5ABE678}
		{DAFAAD03-3E87-4F9B-8321-C53EE5D71BD9} = {28EB6DB4-C7DE-4DC6-950A-3FB6B5ABE678}
		{8CC63878-B17F-4A45-A25B-DAB780B9E450} = {28EB6DB4-C7DE-4DC6-950A-3FB6B5ABE678}
	EndGlobalSection
	GlobalSection(ExtensibilityGlobals) = postSolution
		SolutionGuid = {91244486-32A3-4B4C-B078-FE3EA8028D7E}
	EndGlobalSection
EndGlobal
